{
  "name": "enviro",
  "version": "2.0.0",
  "lockfileVersion": 1,
  "dependencies": {
    "prettier": {
      "version": "1.6.1",
      "resolved": "https://registry.npmjs.org/prettier/-/prettier-1.6.1.tgz",
      "integrity": "sha512-f85qBoQiqiFM/sCmJaN4Lagj9bqMcv38vCftqp4GfVessAqq3Ns6g+3gd8UXReStLLE/DGEdwiZXoFKxphKqwg==",
      "dev": true
    }
  }
}
